
Microsoft Visual Studio Solution File, Format Version 12.00
# Visual Studio Version 17
VisualStudioVersion = 17.9.34616.47
MinimumVisualStudioVersion = 10.0.40219.1
Project("{9A19103F-16F7-4668-BE54-9A1E7A4F7556}") = "RS.Identity.API", "RS.Identity.API\RS.Identity.API.csproj", "{AAEFBE98-A56F-4405-947B-66EF86501687}"
EndProject
Global
	GlobalSection(SolutionConfigurationPlatforms) = preSolution
		Debug|Any CPU = Debug|Any CPU
		Release|Any CPU = Release|Any CPU
	EndGlobalSection
	GlobalSection(ProjectConfigurationPlatforms) = postSolution
		{AAEFBE98-A56F-4405-947B-66EF86501687}.Debug|Any CPU.ActiveCfg = Debug|Any CPU
		{AAEFBE98-A56F-4405-947B-66EF86501687}.Debug|Any CPU.Build.0 = Debug|Any CPU
		{AAEFBE98-A56F-4405-947B-66EF86501687}.Release|Any CPU.ActiveCfg = Release|Any CPU
		{AAEFBE98-A56F-4405-947B-66EF86501687}.Release|Any CPU.Build.0 = Release|Any CPU
	EndGlobalSection
	GlobalSection(SolutionProperties) = preSolution
		HideSolutionNode = FALSE
	EndGlobalSection
	GlobalSection(ExtensibilityGlobals) = postSolution
		SolutionGuid = {ACB87E45-AF2A-4FC7-8287-15EE2A766579}
	EndGlobalSection
EndGlobal
